
Microsoft Visual Studio Solution File, Format Version 12.00
# Visual Studio Version 16
VisualStudioVersion = 16.0.30309.148
MinimumVisualStudioVersion = 10.0.40219.1
Project("{8BC9CEB8-8B4A-11D0-8D11-00A0C91BC942}") = "Sum of given number (Array)", "Sum of given number (Array)\Sum of given number (Array).vcxproj", "{CCF36DCB-900B-4EFA-92DA-FC5AF2A26715}"
EndProject
Global
	GlobalSection(SolutionConfigurationPlatforms) = preSolution
		Debug|x64 = Debug|x64
		Debug|x86 = Debug|x86
		Release|x64 = Release|x64
		Release|x86 = Release|x86
	EndGlobalSection
	GlobalSection(ProjectConfigurationPlatforms) = postSolution
		{CCF36DCB-900B-4EFA-92DA-FC5AF2A26715}.Debug|x64.ActiveCfg = Debug|x64
		{CCF36DCB-900B-4EFA-92DA-FC5AF2A26715}.Debug|x64.Build.0 = Debug|x64
		{CCF36DCB-900B-4EFA-92DA-FC5AF2A26715}.Debug|x86.ActiveCfg = Debug|Win32
		{CCF36DCB-900B-4EFA-92DA-FC5AF2A26715}.Debug|x86.Build.0 = Debug|Win32
		{CCF36DCB-900B-4EFA-92DA-FC5AF2A26715}.Release|x64.ActiveCfg = Release|x64
		{CCF36DCB-900B-4EFA-92DA-FC5AF2A26715}.Release|x64.Build.0 = Release|x64
		{CCF36DCB-900B-4EFA-92DA-FC5AF2A26715}.Release|x86.ActiveCfg = Release|Win32
		{CCF36DCB-900B-4EFA-92DA-FC5AF2A26715}.Release|x86.Build.0 = Release|Win32
	EndGlobalSection
	GlobalSection(SolutionProperties) = preSolution
		HideSolutionNode = FALSE
	EndGlobalSection
	GlobalSection(ExtensibilityGlobals) = postSolution
		SolutionGuid = {25B6764C-AF3D-4B7E-8E12-7F33C073C0D6}
	EndGlobalSection
EndGlobal
